
Microsoft Visual Studio Solution File, Format Version 12.00
# Visual Studio 15
VisualStudioVersion = 15.0.26730.16
MinimumVisualStudioVersion = 10.0.40219.1
Project("{FAE04EC0-301F-11D3-BF4B-00C04F79EFBC}") = "Numerical Methods", "Numerical Methods\Numerical Methods.csproj", "{6E2670AD-E313-4D0C-98BB-5E280111C218}"
EndProject
Project("{FAE04EC0-301F-11D3-BF4B-00C04F79EFBC}") = "z8", "z8\z8.csproj", "{53EA995D-9E94-4E02-9783-2602C199B530}"
EndProject
Global
	GlobalSection(SolutionConfigurationPlatforms) = preSolution
		Debug|Any CPU = Debug|Any CPU
		Release|Any CPU = Release|Any CPU
	EndGlobalSection
	GlobalSection(ProjectConfigurationPlatforms) = postSolution
		{6E2670AD-E313-4D0C-98BB-5E280111C218}.Debug|Any CPU.ActiveCfg = Debug|Any CPU
		{6E2670AD-E313-4D0C-98BB-5E280111C218}.Debug|Any CPU.Build.0 = Debug|Any CPU
		{6E2670AD-E313-4D0C-98BB-5E280111C218}.Release|Any CPU.ActiveCfg = Release|Any CPU
		{6E2670AD-E313-4D0C-98BB-5E280111C218}.Release|Any CPU.Build.0 = Release|Any CPU
		{53EA995D-9E94-4E02-9783-2602C199B530}.Debug|Any CPU.ActiveCfg = Debug|Any CPU
		{53EA995D-9E94-4E02-9783-2602C199B530}.Debug|Any CPU.Build.0 = Debug|Any CPU
		{53EA995D-9E94-4E02-9783-2602C199B530}.Release|Any CPU.ActiveCfg = Release|Any CPU
		{53EA995D-9E94-4E02-9783-2602C199B530}.Release|Any CPU.Build.0 = Release|Any CPU
	EndGlobalSection
	GlobalSection(SolutionProperties) = preSolution
		HideSolutionNode = FALSE
	EndGlobalSection
	GlobalSection(ExtensibilityGlobals) = postSolution
		SolutionGuid = {D203C28C-1B9C-4A0A-AE40-FD47E238E4E9}
	EndGlobalSection
EndGlobal
