
Microsoft Visual Studio Solution File, Format Version 12.00
# Visual Studio 15
VisualStudioVersion = 15.0.26730.16
MinimumVisualStudioVersion = 10.0.40219.1
Project("{FAE04EC0-301F-11D3-BF4B-00C04F79EFBC}") = "Heap", "Heap\Heap.csproj", "{B187C3EA-B27B-4236-B70C-E9C182CC947E}"
EndProject
Global
	GlobalSection(SolutionConfigurationPlatforms) = preSolution
		Debug|Any CPU = Debug|Any CPU
		Release|Any CPU = Release|Any CPU
	EndGlobalSection
	GlobalSection(ProjectConfigurationPlatforms) = postSolution
		{B187C3EA-B27B-4236-B70C-E9C182CC947E}.Debug|Any CPU.ActiveCfg = Debug|Any CPU
		{B187C3EA-B27B-4236-B70C-E9C182CC947E}.Debug|Any CPU.Build.0 = Debug|Any CPU
		{B187C3EA-B27B-4236-B70C-E9C182CC947E}.Release|Any CPU.ActiveCfg = Release|Any CPU
		{B187C3EA-B27B-4236-B70C-E9C182CC947E}.Release|Any CPU.Build.0 = Release|Any CPU
	EndGlobalSection
	GlobalSection(SolutionProperties) = preSolution
		HideSolutionNode = FALSE
	EndGlobalSection
	GlobalSection(ExtensibilityGlobals) = postSolution
		SolutionGuid = {8C0A0060-1491-434B-A663-93403A325EA5}
	EndGlobalSection
EndGlobal
